
Microsoft Visual Studio Solution File, Format Version 12.00
# Visual Studio 15
VisualStudioVersion = 15.0.27703.2035
MinimumVisualStudioVersion = 10.0.40219.1
Project("{FAE04EC0-301F-11D3-BF4B-00C04F79EFBC}") = "Lyrics", "Lyrics\Lyrics.csproj", "{F962E865-EE62-4B1B-9BBA-764AEBA80B50}"
EndProject
Global
	GlobalSection(SolutionConfigurationPlatforms) = preSolution
		Debug|Any CPU = Debug|Any CPU
		Release|Any CPU = Release|Any CPU
	EndGlobalSection
	GlobalSection(ProjectConfigurationPlatforms) = postSolution
		{F962E865-EE62-4B1B-9BBA-764AEBA80B50}.Debug|Any CPU.ActiveCfg = Debug|Any CPU
		{F962E865-EE62-4B1B-9BBA-764AEBA80B50}.Debug|Any CPU.Build.0 = Debug|Any CPU
		{F962E865-EE62-4B1B-9BBA-764AEBA80B50}.Release|Any CPU.ActiveCfg = Release|Any CPU
		{F962E865-EE62-4B1B-9BBA-764AEBA80B50}.Release|Any CPU.Build.0 = Release|Any CPU
	EndGlobalSection
	GlobalSection(SolutionProperties) = preSolution
		HideSolutionNode = FALSE
	EndGlobalSection
	GlobalSection(ExtensibilityGlobals) = postSolution
		SolutionGuid = {F26470F0-A603-43EC-A5C0-B9515FC5D4C5}
	EndGlobalSection
EndGlobal
